
Microsoft Visual Studio Solution File, Format Version 12.00
# Visual Studio 15
VisualStudioVersion = 15.0.28307.1022
MinimumVisualStudioVersion = 10.0.40219.1
Project("{FAE04EC0-301F-11D3-BF4B-00C04F79EFBC}") = "Tut6_Constructor", "Tut6_Constructor\Tut6_Constructor.csproj", "{B1C414CA-C71F-436D-9055-0952E9293CED}"
EndProject
Global
	GlobalSection(SolutionConfigurationPlatforms) = preSolution
		Debug|Any CPU = Debug|Any CPU
		Release|Any CPU = Release|Any CPU
	EndGlobalSection
	GlobalSection(ProjectConfigurationPlatforms) = postSolution
		{B1C414CA-C71F-436D-9055-0952E9293CED}.Debug|Any CPU.ActiveCfg = Debug|Any CPU
		{B1C414CA-C71F-436D-9055-0952E9293CED}.Debug|Any CPU.Build.0 = Debug|Any CPU
		{B1C414CA-C71F-436D-9055-0952E9293CED}.Release|Any CPU.ActiveCfg = Release|Any CPU
		{B1C414CA-C71F-436D-9055-0952E9293CED}.Release|Any CPU.Build.0 = Release|Any CPU
	EndGlobalSection
	GlobalSection(SolutionProperties) = preSolution
		HideSolutionNode = FALSE
	EndGlobalSection
	GlobalSection(ExtensibilityGlobals) = postSolution
		SolutionGuid = {6EF21A33-560B-4F01-8142-2CD5DA70C117}
	EndGlobalSection
EndGlobal
