
Microsoft Visual Studio Solution File, Format Version 12.00
# Visual Studio Version 16
VisualStudioVersion = 16.0.29418.71
MinimumVisualStudioVersion = 10.0.40219.1
Project("{FAE04EC0-301F-11D3-BF4B-00C04F79EFBC}") = "Tut_8", "Tut_8\Tut_8.csproj", "{3A858BFD-5A08-417B-958D-040C3547CDC0}"
EndProject
Global
	GlobalSection(SolutionConfigurationPlatforms) = preSolution
		Debug|Any CPU = Debug|Any CPU
		Release|Any CPU = Release|Any CPU
	EndGlobalSection
	GlobalSection(ProjectConfigurationPlatforms) = postSolution
		{3A858BFD-5A08-417B-958D-040C3547CDC0}.Debug|Any CPU.ActiveCfg = Debug|Any CPU
		{3A858BFD-5A08-417B-958D-040C3547CDC0}.Debug|Any CPU.Build.0 = Debug|Any CPU
		{3A858BFD-5A08-417B-958D-040C3547CDC0}.Release|Any CPU.ActiveCfg = Release|Any CPU
		{3A858BFD-5A08-417B-958D-040C3547CDC0}.Release|Any CPU.Build.0 = Release|Any CPU
	EndGlobalSection
	GlobalSection(SolutionProperties) = preSolution
		HideSolutionNode = FALSE
	EndGlobalSection
	GlobalSection(ExtensibilityGlobals) = postSolution
		SolutionGuid = {ED871816-687A-4EA4-9345-DEA76BECC192}
	EndGlobalSection
EndGlobal
